
Microsoft Visual Studio Solution File, Format Version 12.00
# Visual Studio 15
VisualStudioVersion = 15.0.28307.757
MinimumVisualStudioVersion = 10.0.40219.1
Project("{E24C65DC-7377-472B-9ABA-BC803B73C61A}") = "ejemploRepos", "ejemploRepos\", "{850A4767-CDED-44FC-9A6A-235FA23B80F2}"
	ProjectSection(WebsiteProperties) = preProject
		TargetFrameworkMoniker = ".NETFramework,Version%3Dv4.6.1"
		Debug.AspNetCompiler.VirtualPath = "/localhost_55907"
		Debug.AspNetCompiler.PhysicalPath = "ejemploRepos\"
		Debug.AspNetCompiler.TargetPath = "PrecompiledWeb\localhost_55907\"
		Debug.AspNetCompiler.Updateable = "true"
		Debug.AspNetCompiler.ForceOverwrite = "true"
		Debug.AspNetCompiler.FixedNames = "false"
		Debug.AspNetCompiler.Debug = "True"
		Release.AspNetCompiler.VirtualPath = "/localhost_55907"
		Release.AspNetCompiler.PhysicalPath = "ejemploRepos\"
		Release.AspNetCompiler.TargetPath = "PrecompiledWeb\localhost_55907\"
		Release.AspNetCompiler.Updateable = "true"
		Release.AspNetCompiler.ForceOverwrite = "true"
		Release.AspNetCompiler.FixedNames = "false"
		Release.AspNetCompiler.Debug = "False"
		VWDPort = "55907"
		DefaultWebSiteLanguage = "Visual C#"
	EndProjectSection
EndProject
Global
	GlobalSection(SolutionConfigurationPlatforms) = preSolution
		Debug|Any CPU = Debug|Any CPU
	EndGlobalSection
	GlobalSection(ProjectConfigurationPlatforms) = postSolution
		{850A4767-CDED-44FC-9A6A-235FA23B80F2}.Debug|Any CPU.ActiveCfg = Debug|Any CPU
		{850A4767-CDED-44FC-9A6A-235FA23B80F2}.Debug|Any CPU.Build.0 = Debug|Any CPU
	EndGlobalSection
	GlobalSection(SolutionProperties) = preSolution
		HideSolutionNode = FALSE
	EndGlobalSection
	GlobalSection(ExtensibilityGlobals) = postSolution
		SolutionGuid = {CF927C79-12C6-45DB-BDE5-DA2A4F8B5C49}
	EndGlobalSection
EndGlobal
